github.com/0xcafed00d/joystick v1.0.1 h1:r4p2cRp4MHJWu1gArhGtumbkPxmr3tcOUTFqybEhplM=
github.com/0xcafed00d/joystick v1.0.1/go.mod h1:gzszjNgzP6jtCAeSdC9OqPVO5rO7TJuaw4P7eAjNzx8=
gitlab.com/gomidi/midi/v2 v2.3.16 h1:yufWSENyjnJ4LFQa9BerzUm4E4aLfTyzw5nmnCteO0c=
gitlab.com/gomidi/midi/v2 v2.3.16/go.mod h1:jDpP4O4skYi+7iVwt6Zyp18bd2M4hkjtMuw2cmgKgfw=
golang.org/x/sys v0.8.0 h1:EBmGv8NaZBZTWvrbjNoL6HVt+IVy3QDQpJs7VRIw3tU=
golang.org/x/sys v0.8.0/go.mod h1:oPkhp1MJrh7nUepCBck5+mAzfO9JrbApNNgaTdGDITg=
